
Microsoft Visual Studio Solution File, Format Version 12.00
# Visual Studio Version 17
VisualStudioVersion = 17.11.35312.102
MinimumVisualStudioVersion = 10.0.40219.1
Project("{FAE04EC0-301F-11D3-BF4B-00C04F79EFBC}") = "SwappingElementAssessment5", "SwappingElementAssessment5.csproj", "{E2FCDE39-D1FC-4C7A-BA36-8DA05692B8DB}"
EndProject
Global
	GlobalSection(SolutionConfigurationPlatforms) = preSolution
		Debug|Any CPU = Debug|Any CPU
		Release|Any CPU = Release|Any CPU
	EndGlobalSection
	GlobalSection(ProjectConfigurationPlatforms) = postSolution
		{E2FCDE39-D1FC-4C7A-BA36-8DA05692B8DB}.Debug|Any CPU.ActiveCfg = Debug|Any CPU
		{E2FCDE39-D1FC-4C7A-BA36-8DA05692B8DB}.Debug|Any CPU.Build.0 = Debug|Any CPU
		{E2FCDE39-D1FC-4C7A-BA36-8DA05692B8DB}.Release|Any CPU.ActiveCfg = Release|Any CPU
		{E2FCDE39-D1FC-4C7A-BA36-8DA05692B8DB}.Release|Any CPU.Build.0 = Release|Any CPU
	EndGlobalSection
	GlobalSection(SolutionProperties) = preSolution
		HideSolutionNode = FALSE
	EndGlobalSection
	GlobalSection(ExtensibilityGlobals) = postSolution
		SolutionGuid = {E59876AD-3414-43F7-AA8A-641B596BFFAD}
	EndGlobalSection
EndGlobal
